
Microsoft Visual Studio Solution File, Format Version 12.00
# Visual Studio Version 17
VisualStudioVersion = 17.0.33402.176
MinimumVisualStudioVersion = 10.0.40219.1
Project("{9A19103F-16F7-4668-BE54-9A1E7A4F7556}") = "Dapper.WebApi", "Dapper.WebApi\Dapper.WebApi.csproj", "{A3DBB96E-1153-4086-BAD2-64B36B0023D7}"
EndProject
Project("{9A19103F-16F7-4668-BE54-9A1E7A4F7556}") = "Dapper.Core", "Dapper.Core\Dapper.Core.csproj", "{D3E05EA9-C2BF-46F4-BFFD-35C67A44A845}"
EndProject
Project("{FAE04EC0-301F-11D3-BF4B-00C04F79EFBC}") = "Dapper.Application", "Dapper.Application\Dapper.Application.csproj", "{5A942CD1-0431-4A09-BD14-7CF226417CD2}"
EndProject
Global
	GlobalSection(SolutionConfigurationPlatforms) = preSolution
		Debug|Any CPU = Debug|Any CPU
		Release|Any CPU = Release|Any CPU
	EndGlobalSection
	GlobalSection(ProjectConfigurationPlatforms) = postSolution
		{A3DBB96E-1153-4086-BAD2-64B36B0023D7}.Debug|Any CPU.ActiveCfg = Debug|Any CPU
		{A3DBB96E-1153-4086-BAD2-64B36B0023D7}.Debug|Any CPU.Build.0 = Debug|Any CPU
		{A3DBB96E-1153-4086-BAD2-64B36B0023D7}.Release|Any CPU.ActiveCfg = Release|Any CPU
		{A3DBB96E-1153-4086-BAD2-64B36B0023D7}.Release|Any CPU.Build.0 = Release|Any CPU
		{D3E05EA9-C2BF-46F4-BFFD-35C67A44A845}.Debug|Any CPU.ActiveCfg = Debug|Any CPU
		{D3E05EA9-C2BF-46F4-BFFD-35C67A44A845}.Debug|Any CPU.Build.0 = Debug|Any CPU
		{D3E05EA9-C2BF-46F4-BFFD-35C67A44A845}.Release|Any CPU.ActiveCfg = Release|Any CPU
		{D3E05EA9-C2BF-46F4-BFFD-35C67A44A845}.Release|Any CPU.Build.0 = Release|Any CPU
		{5A942CD1-0431-4A09-BD14-7CF226417CD2}.Debug|Any CPU.ActiveCfg = Debug|Any CPU
		{5A942CD1-0431-4A09-BD14-7CF226417CD2}.Debug|Any CPU.Build.0 = Debug|Any CPU
		{5A942CD1-0431-4A09-BD14-7CF226417CD2}.Release|Any CPU.ActiveCfg = Release|Any CPU
		{5A942CD1-0431-4A09-BD14-7CF226417CD2}.Release|Any CPU.Build.0 = Release|Any CPU
	EndGlobalSection
	GlobalSection(SolutionProperties) = preSolution
		HideSolutionNode = FALSE
	EndGlobalSection
	GlobalSection(ExtensibilityGlobals) = postSolution
		SolutionGuid = {F02EB854-7795-4FA1-97DA-91A925BD71F0}
	EndGlobalSection
EndGlobal
